
Microsoft Visual Studio Solution File, Format Version 12.00
# Visual Studio Version 17
VisualStudioVersion = 17.11.35219.272
MinimumVisualStudioVersion = 10.0.40219.1
Project("{2150E333-8FDC-42A3-9474-1A3956D46DE8}") = "src", "src", "{9606D727-9D81-4862-9A21-6BA12802C1A6}"
EndProject
Project("{2150E333-8FDC-42A3-9474-1A3956D46DE8}") = "services", "services", "{EB4E6E40-DCAD-4D3A-8BC7-C0F0E4594AAF}"
EndProject
Project("{2150E333-8FDC-42A3-9474-1A3956D46DE8}") = "catalog", "catalog", "{96DA25E8-BFA9-4123-AA58-AC97D9FB3A61}"
EndProject
Project("{FAE04EC0-301F-11D3-BF4B-00C04F79EFBC}") = "MyCourse.Catalog.Api", "MyCourse.Catalog.Api\MyCourse.Catalog.Api.csproj", "{3AD7BA88-6911-4D14-AC9C-4F3EF0ADF53A}"
EndProject
Project("{E53339B2-1760-4266-BCC7-CA923CBCF16C}") = "docker-compose", "docker-compose.dcproj", "{C739E9A0-D7C9-4B05-91C4-313A4582A73F}"
EndProject
Global
	GlobalSection(SolutionConfigurationPlatforms) = preSolution
		Debug|Any CPU = Debug|Any CPU
		Release|Any CPU = Release|Any CPU
	EndGlobalSection
	GlobalSection(ProjectConfigurationPlatforms) = postSolution
		{3AD7BA88-6911-4D14-AC9C-4F3EF0ADF53A}.Debug|Any CPU.ActiveCfg = Debug|Any CPU
		{3AD7BA88-6911-4D14-AC9C-4F3EF0ADF53A}.Debug|Any CPU.Build.0 = Debug|Any CPU
		{3AD7BA88-6911-4D14-AC9C-4F3EF0ADF53A}.Release|Any CPU.ActiveCfg = Release|Any CPU
		{3AD7BA88-6911-4D14-AC9C-4F3EF0ADF53A}.Release|Any CPU.Build.0 = Release|Any CPU
		{C739E9A0-D7C9-4B05-91C4-313A4582A73F}.Debug|Any CPU.ActiveCfg = Debug|Any CPU
		{C739E9A0-D7C9-4B05-91C4-313A4582A73F}.Debug|Any CPU.Build.0 = Debug|Any CPU
		{C739E9A0-D7C9-4B05-91C4-313A4582A73F}.Release|Any CPU.ActiveCfg = Release|Any CPU
		{C739E9A0-D7C9-4B05-91C4-313A4582A73F}.Release|Any CPU.Build.0 = Release|Any CPU
	EndGlobalSection
	GlobalSection(SolutionProperties) = preSolution
		HideSolutionNode = FALSE
	EndGlobalSection
	GlobalSection(NestedProjects) = preSolution
		{EB4E6E40-DCAD-4D3A-8BC7-C0F0E4594AAF} = {9606D727-9D81-4862-9A21-6BA12802C1A6}
		{96DA25E8-BFA9-4123-AA58-AC97D9FB3A61} = {EB4E6E40-DCAD-4D3A-8BC7-C0F0E4594AAF}
		{3AD7BA88-6911-4D14-AC9C-4F3EF0ADF53A} = {96DA25E8-BFA9-4123-AA58-AC97D9FB3A61}
	EndGlobalSection
	GlobalSection(ExtensibilityGlobals) = postSolution
		SolutionGuid = {85984C24-4E54-4E56-87DC-0A876BA42E14}
	EndGlobalSection
EndGlobal
